# This file is autogenerated, do not edit; changes may be undone by the next 'dep ensure'.


[[projects]]
  digest = "1:baa2df718b65b349606ed3abe2f5e154b3eecf481b151966c570481278fb817d"
  name = "github.com/fatih/color"
  packages = ["."]
  pruneopts = ""
  revision = "bf82308e8c8546dc2b945157173eb8a959ae9505"

[[projects]]
  digest = "1:870d441fe217b8e689d7949fef6e43efbc787e50f200cb1e70dbca9204a1d6be"
  name = "github.com/inconshreveable/mousetrap"
  packages = ["."]
  pruneopts = ""
  revision = "76626ae9c91c4f2a10f34cad8ce83ea42c93bb75"
  version = "v1.0"

[[projects]]
  digest = "1:0f79867e9aac8a4e20bc1b0956d81f340da9ade9bcc00a4bfb1ebd738c152f7a"
  name = "github.com/mattn/go-colorable"
  packages = ["."]
  pruneopts = ""
  revision = "efa589957cd060542a26d2dd7832fd6a6c6c3ade"
  version = "v0.1.0"

[[projects]]
  digest = "1:3140e04675a6a91d2a20ea9d10bdadf6072085502e6def6768361260aee4b967"
  name = "github.com/mattn/go-isatty"
  packages = ["."]
  pruneopts = ""
  revision = "6ca4dbf54d38eea1a992b3c722a76a5d1c4cb25c"
  version = "v0.0.4"

[[projects]]
  digest = "1:42b6ae1ba1dc1a6cf0ac5114542623f5eabd653d3bbd7b990c5cb6a63a05660e"
  name = "github.com/spf13/cobra"
  packages = ["."]
  pruneopts = ""
  revision = "dc208f4211e7f6df7ec8cb62640f57d3e154910d"

[[projects]]
  digest = "1:cbaf13cdbfef0e4734ed8a7504f57fe893d471d62a35b982bf6fb3f036449a66"
  name = "github.com/spf13/pflag"
  packages = ["."]
  pruneopts = ""
  revision = "298182f68c66c05229eb03ac171abe6e309ee79a"
  version = "v1.0.3"

[[projects]]
  digest = "1:f086eb271c3e5d464c5ed6891744a8bbd750f2bf051348448505cc91cee697b9"
  name = "golang.org/x/net"
  packages = [
    "http2",
    "http2/hpack",
    "idna",
    "lex/httplex",
  ]
  pruneopts = ""
  revision = "55a3084c9119aeb9ba2437d595b0a7e9cb635da9"

[[projects]]
  branch = "master"
  digest = "1:c05d7df4515a5ade109706194fbda5cfd23c1754b26e17b012281c2d247c01d9"
  name = "golang.org/x/sys"
  packages = ["unix"]
  pruneopts = ""
  revision = "3b5209105503162ded1863c307ac66fec31120dd"

[solve-meta]
  analyzer-name = "dep"
  analyzer-version = 1
  input-imports = [
    "github.com/fatih/color",
    "github.com/spf13/cobra",
    "golang.org/x/net/http2",
    "golang.org/x/net/http2/hpack",
  ]
  solver-name = "gps-cdcl"
  solver-version = 1
